
Microsoft Visual Studio Solution File, Format Version 12.00
# Visual Studio Version 16
VisualStudioVersion = 16.0.29503.13
MinimumVisualStudioVersion = 10.0.40219.1
Project("{8BC9CEB8-8B4A-11D0-8D11-00A0C91BC942}") = "ConsoleApplication4", "ConsoleApplication4\ConsoleApplication4.vcxproj", "{D816F296-DD20-4E59-BAF9-C141061D95E9}"
EndProject
Global
	GlobalSection(SolutionConfigurationPlatforms) = preSolution
		Debug|x64 = Debug|x64
		Debug|x86 = Debug|x86
		Release|x64 = Release|x64
		Release|x86 = Release|x86
	EndGlobalSection
	GlobalSection(ProjectConfigurationPlatforms) = postSolution
		{D816F296-DD20-4E59-BAF9-C141061D95E9}.Debug|x64.ActiveCfg = Debug|x64
		{D816F296-DD20-4E59-BAF9-C141061D95E9}.Debug|x64.Build.0 = Debug|x64
		{D816F296-DD20-4E59-BAF9-C141061D95E9}.Debug|x86.ActiveCfg = Debug|Win32
		{D816F296-DD20-4E59-BAF9-C141061D95E9}.Debug|x86.Build.0 = Debug|Win32
		{D816F296-DD20-4E59-BAF9-C141061D95E9}.Release|x64.ActiveCfg = Release|x64
		{D816F296-DD20-4E59-BAF9-C141061D95E9}.Release|x64.Build.0 = Release|x64
		{D816F296-DD20-4E59-BAF9-C141061D95E9}.Release|x86.ActiveCfg = Release|Win32
		{D816F296-DD20-4E59-BAF9-C141061D95E9}.Release|x86.Build.0 = Release|Win32
	EndGlobalSection
	GlobalSection(SolutionProperties) = preSolution
		HideSolutionNode = FALSE
	EndGlobalSection
	GlobalSection(ExtensibilityGlobals) = postSolution
		SolutionGuid = {736BC1A5-8416-4674-96CF-D9A3CD96F054}
	EndGlobalSection
EndGlobal
